// !$*UTF8*$!
{
	archiveVersion = 1;
	classes = {
	};
	objectVersion = 46;
	objects = {

/* Begin PBXBuildFile section */
		9BA4DB1A1EBAEADF00CC93C0 /* AppDelegate.swift in Sources */ = {isa = PBXBuildFile; fileRef = 9BA4DB191EBAEADF00CC93C0 /* AppDelegate.swift */; };
		9BA4DB1C1EBAEADF00CC93C0 /* ViewController.swift in Sources */ = {isa = PBXBuildFile; fileRef = 9BA4DB1B1EBAEADF00CC93C0 /* ViewController.swift */; };
		9BA4DB1F1EBAEADF00CC93C0 /* Main.storyboard in Resources */ = {isa = PBXBuildFile; fileRef = 9BA4DB1D1EBAEADF00CC93C0 /* Main.storyboard */; };
		9BA4DB211EBAEADF00CC93C0 /* Assets.xcassets in Resources */ = {isa = PBXBuildFile; fileRef = 9BA4DB201EBAEADF00CC93C0 /* Assets.xcassets */; };
		9BA4DB241EBAEADF00CC93C0 /* LaunchScreen.storyboard in Resources */ = {isa = PBXBuildFile; fileRef = 9BA4DB221EBAEADF00CC93C0 /* LaunchScreen.storyboard */; };
		9BA4DB2F1EBAEAE000CC93C0 /* SimonSaysTests.swift in Sources */ = {isa = PBXBuildFile; fileRef = 9BA4DB2E1EBAEAE000CC93C0 /* SimonSaysTests.swift */; };
		9BA4DB3A1EBAEAE000CC93C0 /* SimonSaysUITests.swift in Sources */ = {isa = PBXBuildFile; fileRef = 9BA4DB391EBAEAE000CC93C0 /* SimonSaysUITests.swift */; };
/* End PBXBuildFile section */

/* Begin PBXContainerItemProxy section */
		9BA4DB2B1EBAEAE000CC93C0 /* PBXContainerItemProxy */ = {
			isa = PBXContainerItemProxy;
			containerPortal = 9BA4DB0E1EBAEADF00CC93C0 /* Project object */;
			proxyType = 1;
			remoteGlobalIDString = 9BA4DB151EBAEADF00CC93C0;
			remoteInfo = SimonSays;
		};
		9BA4DB361EBAEAE000CC93C0 /* PBXContainerItemProxy */ = {
			isa = PBXContainerItemProxy;
			containerPortal = 9BA4DB0E1EBAEADF00CC93C0 /* Project object */;
			proxyType = 1;
			remoteGlobalIDString = 9BA4DB151EBAEADF00CC93C0;
			remoteInfo = SimonSays;
		};
/* End PBXContainerItemProxy section */

/* Begin PBXFileReference section */
		9BA4DB161EBAEADF00CC93C0 /* SimonSays.app */ = {isa = PBXFileReference; explicitFileType = wrapper.application; includeInIndex = 0; path = SimonSays.app; sourceTree = BUILT_PRODUCTS_DIR; };
		9BA4DB191EBAEADF00CC93C0 /* AppDelegate.swift */ = {isa = PBXFileReference; lastKnownFileType = sourcecode.swift; path = AppDelegate.swift; sourceTree = "<group>"; };
		9BA4DB1B1EBAEADF00CC93C0 /* ViewController.swift */ = {isa = PBXFileReference; lastKnownFileType = sourcecode.swift; path = ViewController.swift; sourceTree = "<group>"; };
		9BA4DB1E1EBAEADF00CC93C0 /* Base */ = {isa = PBXFileReference; lastKnownFileType = file.storyboard; name = Base; path = Base.lproj/Main.storyboard; sourceTree = "<group>"; };
		9BA4DB201EBAEADF00CC93C0 /* Assets.xcassets */ = {isa = PBXFileReference; lastKnownFileType = folder.assetcatalog; path = Assets.xcassets; sourceTree = "<group>"; };
		9BA4DB231EBAEADF00CC93C0 /* Base */ = {isa = PBXFileReference; lastKnownFileType = file.storyboard; name = Base; path = Base.lproj/LaunchScreen.storyboard; sourceTree = "<group>"; };
		9BA4DB251EBAEADF00CC93C0 /* Info.plist */ = {isa = PBXFileReference; lastKnownFileType = text.plist.xml; path = Info.plist; sourceTree = "<group>"; };
		9BA4DB2A1EBAEAE000CC93C0 /* SimonSaysTests.xctest */ = {isa = PBXFileReference; explicitFileType = wrapper.cfbundle; includeInIndex = 0; path = SimonSaysTests.xctest; sourceTree = BUILT_PRODUCTS_DIR; };
		9BA4DB2E1EBAEAE000CC93C0 /* SimonSaysTests.swift */ = {isa = PBXFileReference; lastKnownFileType = sourcecode.swift; path = SimonSaysTests.swift; sourceTree = "<group>"; };
		9BA4DB301EBAEAE000CC93C0 /* Info.plist */ = {isa = PBXFileReference; lastKnownFileType = text.plist.xml; path = Info.plist; sourceTree = "<group>"; };
		9BA4DB351EBAEAE000CC93C0 /* SimonSaysUITests.xctest */ = {isa = PBXFileReference; explicitFileType = wrapper.cfbundle; includeInIndex = 0; path = SimonSaysUITests.xctest; sourceTree = BUILT_PRODUCTS_DIR; };
		9BA4DB391EBAEAE000CC93C0 /* SimonSaysUITests.swift */ = {isa = PBXFileReference; lastKnownFileType = sourcecode.swift; path = SimonSaysUITests.swift; sourceTree = "<group>"; };
		9BA4DB3B1EBAEAE000CC93C0 /* Info.plist */ = {isa = PBXFileReference; lastKnownFileType = text.plist.xml; path = Info.plist; sourceTree = "<group>"; };
/* End PBXFileReference section */

/* Begin PBXFrameworksBuildPhase section */
		9BA4DB131EBAEADF00CC93C0 /* Frameworks */ = {
			isa = PBXFrameworksBuildPhase;
			buildActionMask = 2147483647;
			files = (
			);
			runOnlyForDeploymentPostprocessing = 0;
		};
		9BA4DB271EBAEAE000CC93C0 /* Frameworks */ = {
			isa = PBXFrameworksBuildPhase;
			buildActionMask = 2147483647;
			files = (
			);
			runOnlyForDeploymentPostprocessing = 0;
		};
		9BA4DB321EBAEAE000CC93C0 /* Frameworks */ = {
			isa = PBXFrameworksBuildPhase;
			buildActionMask = 2147483647;
			files = (
			);
			runOnlyForDeploymentPostprocessing = 0;
		};
/* End PBXFrameworksBuildPhase section */

/* Begin PBXGroup section */
		9BA4DB0D1EBAEADF00CC93C0 = {
			isa = PBXGroup;
			children = (
				9BA4DB181EBAEADF00CC93C0 /* SimonSays */,
				9BA4DB2D1EBAEAE000CC93C0 /* SimonSaysTests */,
				9BA4DB381EBAEAE000CC93C0 /* SimonSaysUITests */,
				9BA4DB171EBAEADF00CC93C0 /* Products */,
			);
			sourceTree = "<group>";
		};
		9BA4DB171EBAEADF00CC93C0 /* Products */ = {
			isa = PBXGroup;
			children = (
				9BA4DB161EBAEADF00CC93C0 /* SimonSays.app */,
				9BA4DB2A1EBAEAE000CC93C0 /* SimonSaysTests.xctest */,
				9BA4DB351EBAEAE000CC93C0 /* SimonSaysUITests.xctest */,
			);
			name = Products;
			sourceTree = "<group>";
		};
		9BA4DB181EBAEADF00CC93C0 /* SimonSays */ = {
			isa = PBXGroup;
			children = (
				9BA4DB191EBAEADF00CC93C0 /* AppDelegate.swift */,
				9BA4DB1B1EBAEADF00CC93C0 /* ViewController.swift */,
				9BA4DB1D1EBAEADF00CC93C0 /* Main.storyboard */,
				9BA4DB201EBAEADF00CC93C0 /* Assets.xcassets */,
				9BA4DB221EBAEADF00CC93C0 /* LaunchScreen.storyboard */,
				9BA4DB251EBAEADF00CC93C0 /* Info.plist */,
			);
			path = SimonSays;
			sourceTree = "<group>";
		};
		9BA4DB2D1EBAEAE000CC93C0 /* SimonSaysTests */ = {
			isa = PBXGroup;
			children = (
				9BA4DB2E1EBAEAE000CC93C0 /* SimonSaysTests.swift */,
				9BA4DB301EBAEAE000CC93C0 /* Info.plist */,
			);
			path = SimonSaysTests;
			sourceTree = "<group>";
		};
		9BA4DB381EBAEAE000CC93C0 /* SimonSaysUITests */ = {
			isa = PBXGroup;
			children = (
				9BA4DB391EBAEAE000CC93C0 /* SimonSaysUITests.swift */,
				9BA4DB3B1EBAEAE000CC93C0 /* Info.plist */,
			);
			path = SimonSaysUITests;
			sourceTree = "<group>";
		};
/* End PBXGroup section */

/* Begin PBXNativeTarget section */
		9BA4DB151EBAEADF00CC93C0 /* SimonSays */ = {
			isa = PBXNativeTarget;
			buildConfigurationList = 9BA4DB3E1EBAEAE000CC93C0 /* Build configuration list for PBXNativeTarget "SimonSays" */;
			buildPhases = (
				9BA4DB121EBAEADF00CC93C0 /* Sources */,
				9BA4DB131EBAEADF00CC93C0 /* Frameworks */,
				9BA4DB141EBAEADF00CC93C0 /* Resources */,
			);
			buildRules = (
			);
			dependencies = (
			);
			name = SimonSays;
			productName = SimonSays;
			productReference = 9BA4DB161EBAEADF00CC93C0 /* SimonSays.app */;
			productType = "com.apple.product-type.application";
		};
		9BA4DB291EBAEAE000CC93C0 /* SimonSaysTests */ = {
			isa = PBXNativeTarget;
			buildConfigurationList = 9BA4DB411EBAEAE000CC93C0 /* Build configuration list for PBXNativeTarget "SimonSaysTests" */;
			buildPhases = (
				9BA4DB261EBAEAE000CC93C0 /* Sources */,
				9BA4DB271EBAEAE000CC93C0 /* Frameworks */,
				9BA4DB281EBAEAE000CC93C0 /* Resources */,
			);
			buildRules = (
			);
			dependencies = (
				9BA4DB2C1EBAEAE000CC93C0 /* PBXTargetDependency */,
			);
			name = SimonSaysTests;
			productName = SimonSaysTests;
			productReference = 9BA4DB2A1EBAEAE000CC93C0 /* SimonSaysTests.xctest */;
			productType = "com.apple.product-type.bundle.unit-test";
		};
		9BA4DB341EBAEAE000CC93C0 /* SimonSaysUITests */ = {
			isa = PBXNativeTarget;
			buildConfigurationList = 9BA4DB441EBAEAE000CC93C0 /* Build configuration list for PBXNativeTarget "SimonSaysUITests" */;
			buildPhases = (
				9BA4DB311EBAEAE000CC93C0 /* Sources */,
				9BA4DB321EBAEAE000CC93C0 /* Frameworks */,
				9BA4DB331EBAEAE000CC93C0 /* Resources */,
			);
			buildRules = (
			);
			dependencies = (
				9BA4DB371EBAEAE000CC93C0 /* PBXTargetDependency */,
			);
			name = SimonSaysUITests;
			productName = SimonSaysUITests;
			productReference = 9BA4DB351EBAEAE000CC93C0 /* SimonSaysUITests.xctest */;
			productType = "com.apple.product-type.bundle.ui-testing";
		};
/* End PBXNativeTarget section */

/* Begin PBXProject section */
		9BA4DB0E1EBAEADF00CC93C0 /* Project object */ = {
			isa = PBXProject;
			attributes = {
				LastSwiftUpdateCheck = 0830;
				LastUpgradeCheck = 0830;
				ORGANIZATIONNAME = "Jeremy Martinez";
				TargetAttributes = {
					9BA4DB151EBAEADF00CC93C0 = {
						CreatedOnToolsVersion = 8.3.2;
						ProvisioningStyle = Automatic;
					};
					9BA4DB291EBAEAE000CC93C0 = {
						CreatedOnToolsVersion = 8.3.2;
						ProvisioningStyle = Automatic;
						TestTargetID = 9BA4DB151EBAEADF00CC93C0;
					};
					9BA4DB341EBAEAE000CC93C0 = {
						CreatedOnToolsVersion = 8.3.2;
						ProvisioningStyle = Automatic;
						TestTargetID = 9BA4DB151EBAEADF00CC93C0;
					};
				};
			};
			buildConfigurationList = 9BA4DB111EBAEADF00CC93C0 /* Build configuration list for PBXProject "SimonSays" */;
			compatibilityVersion = "Xcode 3.2";
			developmentRegion = English;
			hasScannedForEncodings = 0;
			knownRegions = (
				en,
				Base,
			);
			mainGroup = 9BA4DB0D1EBAEADF00CC93C0;
			productRefGroup = 9BA4DB171EBAEADF00CC93C0 /* Products */;
			projectDirPath = "";
			projectRoot = "";
			targets = (
				9BA4DB151EBAEADF00CC93C0 /* SimonSays */,
				9BA4DB291EBAEAE000CC93C0 /* SimonSaysTests */,
				9BA4DB341EBAEAE000CC93C0 /* SimonSaysUITests */,
			);
		};
/* End PBXProject section */

/* Begin PBXResourcesBuildPhase section */
		9BA4DB141EBAEADF00CC93C0 /* Resources */ = {
			isa = PBXResourcesBuildPhase;
			buildActionMask = 2147483647;
			files = (
				9BA4DB241EBAEADF00CC93C0 /* LaunchScreen.storyboard in Resources */,
				9BA4DB211EBAEADF00CC93C0 /* Assets.xcassets in Resources */,
				9BA4DB1F1EBAEADF00CC93C0 /* Main.storyboard in Resources */,
			);
			runOnlyForDeploymentPostprocessing = 0;
		};
		9BA4DB281EBAEAE000CC93C0 /* Resources */ = {
			isa = PBXResourcesBuildPhase;
			buildActionMask = 2147483647;
			files = (
			);
			runOnlyForDeploymentPostprocessing = 0;
		};
		9BA4DB331EBAEAE000CC93C0 /* Resources */ = {
			isa = PBXResourcesBuildPhase;
			buildActionMask = 2147483647;
			files = (
			);
			runOnlyForDeploymentPostprocessing = 0;
		};
/* End PBXResourcesBuildPhase section */

/* Begin PBXSourcesBuildPhase section */
		9BA4DB121EBAEADF00CC93C0 /* Sources */ = {
			isa = PBXSourcesBuildPhase;
			buildActionMask = 2147483647;
			files = (
				9BA4DB1C1EBAEADF00CC93C0 /* ViewController.swift in Sources */,
				9BA4DB1A1EBAEADF00CC93C0 /* AppDelegate.swift in Sources */,
			);
			runOnlyForDeploymentPostprocessing = 0;
		};
		9BA4DB261EBAEAE000CC93C0 /* Sources */ = {
			isa = PBXSourcesBuildPhase;
			buildActionMask = 2147483647;
			files = (
				9BA4DB2F1EBAEAE000CC93C0 /* SimonSaysTests.swift in Sources */,
			);
			runOnlyForDeploymentPostprocessing = 0;
		};
		9BA4DB311EBAEAE000CC93C0 /* Sources */ = {
			isa = PBXSourcesBuildPhase;
			buildActionMask = 2147483647;
			files = (
				9BA4DB3A1EBAEAE000CC93C0 /* SimonSaysUITests.swift in Sources */,
			);
			runOnlyForDeploymentPostprocessing = 0;
		};
/* End PBXSourcesBuildPhase section */

/* Begin PBXTargetDependency section */
		9BA4DB2C1EBAEAE000CC93C0 /* PBXTargetDependency */ = {
			isa = PBXTargetDependency;
			target = 9BA4DB151EBAEADF00CC93C0 /* SimonSays */;
			targetProxy = 9BA4DB2B1EBAEAE000CC93C0 /* PBXContainerItemProxy */;
		};
		9BA4DB371EBAEAE000CC93C0 /* PBXTargetDependency */ = {
			isa = PBXTargetDependency;
			target = 9BA4DB151EBAEADF00CC93C0 /* SimonSays */;
			targetProxy = 9BA4DB361EBAEAE000CC93C0 /* PBXContainerItemProxy */;
		};
/* End PBXTargetDependency section */

/* Begin PBXVariantGroup section */
		9BA4DB1D1EBAEADF00CC93C0 /* Main.storyboard */ = {
			isa = PBXVariantGroup;
			children = (
				9BA4DB1E1EBAEADF00CC93C0 /* Base */,
			);
			name = Main.storyboard;
			sourceTree = "<group>";
		};
		9BA4DB221EBAEADF00CC93C0 /* LaunchScreen.storyboard */ = {
			isa = PBXVariantGroup;
			children = (
				9BA4DB231EBAEADF00CC93C0 /* Base */,
			);
			name = LaunchScreen.storyboard;
			sourceTree = "<group>";
		};
/* End PBXVariantGroup section */

/* Begin XCBuildConfiguration section */
		9BA4DB3C1EBAEAE000CC93C0 /* Debug */ = {
			isa = XCBuildConfiguration;
			buildSettings = {
				ALWAYS_SEARCH_USER_PATHS = NO;
				CLANG_ANALYZER_NONNULL = YES;
				CLANG_ANALYZER_NUMBER_OBJECT_CONVERSION = YES_AGGRESSIVE;
				CLANG_CXX_LANGUAGE_STANDARD = "gnu++0x";
				CLANG_CXX_LIBRARY = "libc++";
				CLANG_ENABLE_MODULES = YES;
				CLANG_ENABLE_OBJC_ARC = YES;
				CLANG_WARN_BOOL_CONVERSION = YES;
				CLANG_WARN_CONSTANT_CONVERSION = YES;
				CLANG_WARN_DIRECT_OBJC_ISA_USAGE = YES_ERROR;
				CLANG_WARN_DOCUMENTATION_COMMENTS = YES;
				CLANG_WARN_EMPTY_BODY = YES;
				CLANG_WARN_ENUM_CONVERSION = YES;
				CLANG_WARN_INFINITE_RECURSION = YES;
				CLANG_WARN_INT_CONVERSION = YES;
				CLANG_WARN_OBJC_ROOT_CLASS = YES_ERROR;
				CLANG_WARN_SUSPICIOUS_MOVE = YES;
				CLANG_WARN_UNREACHABLE_CODE = YES;
				CLANG_WARN__DUPLICATE_METHOD_MATCH = YES;
				"CODE_SIGN_IDENTITY[sdk=iphoneos*]" = "iPhone Developer";
				COPY_PHASE_STRIP = NO;
				DEBUG_INFORMATION_FORMAT = dwarf;
				ENABLE_STRICT_OBJC_MSGSEND = YES;
				ENABLE_TESTABILITY = YES;
				GCC_C_LANGUAGE_STANDARD = gnu99;
				GCC_DYNAMIC_NO_PIC = NO;
				GCC_NO_COMMON_BLOCKS = YES;
				GCC_OPTIMIZATION_LEVEL = 0;
				GCC_PREPROCESSOR_DEFINITIONS = (
					"DEBUG=1",
					"$(inherited)",
				);
				GCC_WARN_64_TO_32_BIT_CONVERSION = YES;
				GCC_WARN_ABOUT_RETURN_TYPE = YES_ERROR;
				GCC_WARN_UNDECLARED_SELECTOR = YES;
				GCC_WARN_UNINITIALIZED_AUTOS = YES_AGGRESSIVE;
				GCC_WARN_UNUSED_FUNCTION = YES;
				GCC_WARN_UNUSED_VARIABLE = YES;
				IPHONEOS_DEPLOYMENT_TARGET = 10.3;
				MTL_ENABLE_DEBUG_INFO = YES;
				ONLY_ACTIVE_ARCH = YES;
				SDKROOT = iphoneos;
				SWIFT_ACTIVE_COMPILATION_CONDITIONS = DEBUG;
				SWIFT_OPTIMIZATION_LEVEL = "-Onone";
				TARGETED_DEVICE_FAMILY = "1,2";
			};
			name = Debug;
		};
		9BA4DB3D1EBAEAE000CC93C0 /* Release */ = {
			isa = XCBuildConfiguration;
			buildSettings = {
				ALWAYS_SEARCH_USER_PATHS = NO;
				CLANG_ANALYZER_NONNULL = YES;
				CLANG_ANALYZER_NUMBER_OBJECT_CONVERSION = YES_AGGRESSIVE;
				CLANG_CXX_LANGUAGE_STANDARD = "gnu++0x";
				CLANG_CXX_LIBRARY = "libc++";
				CLANG_ENABLE_MODULES = YES;
				CLANG_ENABLE_OBJC_ARC = YES;
				CLANG_WARN_BOOL_CONVERSION = YES;
				CLANG_WARN_CONSTANT_CONVERSION = YES;
				CLANG_WARN_DIRECT_OBJC_ISA_USAGE = YES_ERROR;
				CLANG_WARN_DOCUMENTATION_COMMENTS = YES;
				CLANG_WARN_EMPTY_BODY = YES;
				CLANG_WARN_ENUM_CONVERSION = YES;
				CLANG_WARN_INFINITE_RECURSION = YES;
				CLANG_WARN_INT_CONVERSION = YES;
				CLANG_WARN_OBJC_ROOT_CLASS = YES_ERROR;
				CLANG_WARN_SUSPICIOUS_MOVE = YES;
				CLANG_WARN_UNREACHABLE_CODE = YES;
				CLANG_WARN__DUPLICATE_METHOD_MATCH = YES;
				"CODE_SIGN_IDENTITY[sdk=iphoneos*]" = "iPhone Developer";
				COPY_PHASE_STRIP = NO;
				DEBUG_INFORMATION_FORMAT = "dwarf-with-dsym";
				ENABLE_NS_ASSERTIONS = NO;
				ENABLE_STRICT_OBJC_MSGSEND = YES;
				GCC_C_LANGUAGE_STANDARD = gnu99;
				GCC_NO_COMMON_BLOCKS = YES;
				GCC_WARN_64_TO_32_BIT_CONVERSION = YES;
				GCC_WARN_ABOUT_RETURN_TYPE = YES_ERROR;
				GCC_WARN_UNDECLARED_SELECTOR = YES;
				GCC_WARN_UNINITIALIZED_AUTOS = YES_AGGRESSIVE;
				GCC_WARN_UNUSED_FUNCTION = YES;
				GCC_WARN_UNUSED_VARIABLE = YES;
				IPHONEOS_DEPLOYMENT_TARGET = 10.3;
				MTL_ENABLE_DEBUG_INFO = NO;
				SDKROOT = iphoneos;
				SWIFT_OPTIMIZATION_LEVEL = "-Owholemodule";
				TARGETED_DEVICE_FAMILY = "1,2";
				VALIDATE_PRODUCT = YES;
			};
			name = Release;
		};
		9BA4DB3F1EBAEAE000CC93C0 /* Debug */ = {
			isa = XCBuildConfiguration;
			buildSettings = {
				ASSETCATALOG_COMPILER_APPICON_NAME = AppIcon;
				INFOPLIST_FILE = SimonSays/Info.plist;
				LD_RUNPATH_SEARCH_PATHS = "$(inherited) @executable_path/Frameworks";
				PRODUCT_BUNDLE_IDENTIFIER = Jeremy.SimonSays;
				PRODUCT_NAME = "$(TARGET_NAME)";
				SWIFT_VERSION = 3.0;
			};
			name = Debug;
		};
		9BA4DB401EBAEAE000CC93C0 /* Release */ = {
			isa = XCBuildConfiguration;
			buildSettings = {
				ASSETCATALOG_COMPILER_APPICON_NAME = AppIcon;
				INFOPLIST_FILE = SimonSays/Info.plist;
				LD_RUNPATH_SEARCH_PATHS = "$(inherited) @executable_path/Frameworks";
				PRODUCT_BUNDLE_IDENTIFIER = Jeremy.SimonSays;
				PRODUCT_NAME = "$(TARGET_NAME)";
				SWIFT_VERSION = 3.0;
			};
			name = Release;
		};
		9BA4DB421EBAEAE000CC93C0 /* Debug */ = {
			isa = XCBuildConfiguration;
			buildSettings = {
				ALWAYS_EMBED_SWIFT_STANDARD_LIBRARIES = YES;
				BUNDLE_LOADER = "$(TEST_HOST)";
				INFOPLIST_FILE = SimonSaysTests/Info.plist;
				LD_RUNPATH_SEARCH_PATHS = "$(inherited) @executable_path/Frameworks @loader_path/Frameworks";
				PRODUCT_BUNDLE_IDENTIFIER = Jeremy.SimonSaysTests;
				PRODUCT_NAME = "$(TARGET_NAME)";
				SWIFT_VERSION = 3.0;
				TEST_HOST = "$(BUILT_PRODUCTS_DIR)/SimonSays.app/SimonSays";
			};
			name = Debug;
		};
		9BA4DB431EBAEAE000CC93C0 /* Release */ = {
			isa = XCBuildConfiguration;
			buildSettings = {
				ALWAYS_EMBED_SWIFT_STANDARD_LIBRARIES = YES;
				BUNDLE_LOADER = "$(TEST_HOST)";
				INFOPLIST_FILE = SimonSaysTests/Info.plist;
				LD_RUNPATH_SEARCH_PATHS = "$(inherited) @executable_path/Frameworks @loader_path/Frameworks";
				PRODUCT_BUNDLE_IDENTIFIER = Jeremy.SimonSaysTests;
				PRODUCT_NAME = "$(TARGET_NAME)";
				SWIFT_VERSION = 3.0;
				TEST_HOST = "$(BUILT_PRODUCTS_DIR)/SimonSays.app/SimonSays";
			};
			name = Release;
		};
		9BA4DB451EBAEAE000CC93C0 /* Debug */ = {
			isa = XCBuildConfiguration;
			buildSettings = {
				ALWAYS_EMBED_SWIFT_STANDARD_LIBRARIES = YES;
				INFOPLIST_FILE = SimonSaysUITests/Info.plist;
				LD_RUNPATH_SEARCH_PATHS = "$(inherited) @executable_path/Frameworks @loader_path/Frameworks";
				PRODUCT_BUNDLE_IDENTIFIER = Jeremy.SimonSaysUITests;
				PRODUCT_NAME = "$(TARGET_NAME)";
				SWIFT_VERSION = 3.0;
				TEST_TARGET_NAME = SimonSays;
			};
			name = Debug;
		};
		9BA4DB461EBAEAE000CC93C0 /* Release */ = {
			isa = XCBuildConfiguration;
			buildSettings = {
				ALWAYS_EMBED_SWIFT_STANDARD_LIBRARIES = YES;
				INFOPLIST_FILE = SimonSaysUITests/Info.plist;
				LD_RUNPATH_SEARCH_PATHS = "$(inherited) @executable_path/Frameworks @loader_path/Frameworks";
				PRODUCT_BUNDLE_IDENTIFIER = Jeremy.SimonSaysUITests;
				PRODUCT_NAME = "$(TARGET_NAME)";
				SWIFT_VERSION = 3.0;
				TEST_TARGET_NAME = SimonSays;
			};
			name = Release;
		};
/* End XCBuildConfiguration section */

/* Begin XCConfigurationList section */
		9BA4DB111EBAEADF00CC93C0 /* Build configuration list for PBXProject "SimonSays" */ = {
			isa = XCConfigurationList;
			buildConfigurations = (
				9BA4DB3C1EBAEAE000CC93C0 /* Debug */,
				9BA4DB3D1EBAEAE000CC93C0 /* Release */,
			);
			defaultConfigurationIsVisible = 0;
			defaultConfigurationName = Release;
		};
		9BA4DB3E1EBAEAE000CC93C0 /* Build configuration list for PBXNativeTarget "SimonSays" */ = {
			isa = XCConfigurationList;
			buildConfigurations = (
				9BA4DB3F1EBAEAE000CC93C0 /* Debug */,
				9BA4DB401EBAEAE000CC93C0 /* Release */,
			);
			defaultConfigurationIsVisible = 0;
		};
		9BA4DB411EBAEAE000CC93C0 /* Build configuration list for PBXNativeTarget "SimonSaysTests" */ = {
			isa = XCConfigurationList;
			buildConfigurations = (
				9BA4DB421EBAEAE000CC93C0 /* Debug */,
				9BA4DB431EBAEAE000CC93C0 /* Release */,
			);
			defaultConfigurationIsVisible = 0;
		};
		9BA4DB441EBAEAE000CC93C0 /* Build configuration list for PBXNativeTarget "SimonSaysUITests" */ = {
			isa = XCConfigurationList;
			buildConfigurations = (
				9BA4DB451EBAEAE000CC93C0 /* Debug */,
				9BA4DB461EBAEAE000CC93C0 /* Release */,
			);
			defaultConfigurationIsVisible = 0;
		};
/* End XCConfigurationList section */
	};
	rootObject = 9BA4DB0E1EBAEADF00CC93C0 /* Project object */;
}
