// !$*UTF8*$!
{
	archiveVersion = 1;
	classes = {
	};
	objectVersion = 46;
	objects = {

/* Begin PBXBuildFile section */
		6DC9D2CA1F20376700C34D08 /* AppDelegate.swift in Sources */ = {isa = PBXBuildFile; fileRef = 6DC9D2C91F20376700C34D08 /* AppDelegate.swift */; };
		6DC9D2CC1F20376700C34D08 /* ViewController.swift in Sources */ = {isa = PBXBuildFile; fileRef = 6DC9D2CB1F20376700C34D08 /* ViewController.swift */; };
		6DC9D2CF1F20376700C34D08 /* Main.storyboard in Resources */ = {isa = PBXBuildFile; fileRef = 6DC9D2CD1F20376700C34D08 /* Main.storyboard */; };
		6DC9D2D11F20376700C34D08 /* Assets.xcassets in Resources */ = {isa = PBXBuildFile; fileRef = 6DC9D2D01F20376700C34D08 /* Assets.xcassets */; };
		6DC9D2D41F20376700C34D08 /* LaunchScreen.storyboard in Resources */ = {isa = PBXBuildFile; fileRef = 6DC9D2D21F20376700C34D08 /* LaunchScreen.storyboard */; };
		6DC9D2DF1F20376700C34D08 /* SImonSaysTests.swift in Sources */ = {isa = PBXBuildFile; fileRef = 6DC9D2DE1F20376700C34D08 /* SImonSaysTests.swift */; };
		6DC9D2EA1F20376700C34D08 /* SImonSaysUITests.swift in Sources */ = {isa = PBXBuildFile; fileRef = 6DC9D2E91F20376700C34D08 /* SImonSaysUITests.swift */; };
/* End PBXBuildFile section */

/* Begin PBXContainerItemProxy section */
		6DC9D2DB1F20376700C34D08 /* PBXContainerItemProxy */ = {
			isa = PBXContainerItemProxy;
			containerPortal = 6DC9D2BE1F20376700C34D08 /* Project object */;
			proxyType = 1;
			remoteGlobalIDString = 6DC9D2C51F20376700C34D08;
			remoteInfo = SImonSays;
		};
		6DC9D2E61F20376700C34D08 /* PBXContainerItemProxy */ = {
			isa = PBXContainerItemProxy;
			containerPortal = 6DC9D2BE1F20376700C34D08 /* Project object */;
			proxyType = 1;
			remoteGlobalIDString = 6DC9D2C51F20376700C34D08;
			remoteInfo = SImonSays;
		};
/* End PBXContainerItemProxy section */

/* Begin PBXFileReference section */
		6DC9D2C61F20376700C34D08 /* SImonSays.app */ = {isa = PBXFileReference; explicitFileType = wrapper.application; includeInIndex = 0; path = SImonSays.app; sourceTree = BUILT_PRODUCTS_DIR; };
		6DC9D2C91F20376700C34D08 /* AppDelegate.swift */ = {isa = PBXFileReference; lastKnownFileType = sourcecode.swift; path = AppDelegate.swift; sourceTree = "<group>"; };
		6DC9D2CB1F20376700C34D08 /* ViewController.swift */ = {isa = PBXFileReference; lastKnownFileType = sourcecode.swift; path = ViewController.swift; sourceTree = "<group>"; };
		6DC9D2CE1F20376700C34D08 /* Base */ = {isa = PBXFileReference; lastKnownFileType = file.storyboard; name = Base; path = Base.lproj/Main.storyboard; sourceTree = "<group>"; };
		6DC9D2D01F20376700C34D08 /* Assets.xcassets */ = {isa = PBXFileReference; lastKnownFileType = folder.assetcatalog; path = Assets.xcassets; sourceTree = "<group>"; };
		6DC9D2D31F20376700C34D08 /* Base */ = {isa = PBXFileReference; lastKnownFileType = file.storyboard; name = Base; path = Base.lproj/LaunchScreen.storyboard; sourceTree = "<group>"; };
		6DC9D2D51F20376700C34D08 /* Info.plist */ = {isa = PBXFileReference; lastKnownFileType = text.plist.xml; path = Info.plist; sourceTree = "<group>"; };
		6DC9D2DA1F20376700C34D08 /* SImonSaysTests.xctest */ = {isa = PBXFileReference; explicitFileType = wrapper.cfbundle; includeInIndex = 0; path = SImonSaysTests.xctest; sourceTree = BUILT_PRODUCTS_DIR; };
		6DC9D2DE1F20376700C34D08 /* SImonSaysTests.swift */ = {isa = PBXFileReference; lastKnownFileType = sourcecode.swift; path = SImonSaysTests.swift; sourceTree = "<group>"; };
		6DC9D2E01F20376700C34D08 /* Info.plist */ = {isa = PBXFileReference; lastKnownFileType = text.plist.xml; path = Info.plist; sourceTree = "<group>"; };
		6DC9D2E51F20376700C34D08 /* SImonSaysUITests.xctest */ = {isa = PBXFileReference; explicitFileType = wrapper.cfbundle; includeInIndex = 0; path = SImonSaysUITests.xctest; sourceTree = BUILT_PRODUCTS_DIR; };
		6DC9D2E91F20376700C34D08 /* SImonSaysUITests.swift */ = {isa = PBXFileReference; lastKnownFileType = sourcecode.swift; path = SImonSaysUITests.swift; sourceTree = "<group>"; };
		6DC9D2EB1F20376700C34D08 /* Info.plist */ = {isa = PBXFileReference; lastKnownFileType = text.plist.xml; path = Info.plist; sourceTree = "<group>"; };
/* End PBXFileReference section */

/* Begin PBXFrameworksBuildPhase section */
		6DC9D2C31F20376700C34D08 /* Frameworks */ = {
			isa = PBXFrameworksBuildPhase;
			buildActionMask = 2147483647;
			files = (
			);
			runOnlyForDeploymentPostprocessing = 0;
		};
		6DC9D2D71F20376700C34D08 /* Frameworks */ = {
			isa = PBXFrameworksBuildPhase;
			buildActionMask = 2147483647;
			files = (
			);
			runOnlyForDeploymentPostprocessing = 0;
		};
		6DC9D2E21F20376700C34D08 /* Frameworks */ = {
			isa = PBXFrameworksBuildPhase;
			buildActionMask = 2147483647;
			files = (
			);
			runOnlyForDeploymentPostprocessing = 0;
		};
/* End PBXFrameworksBuildPhase section */

/* Begin PBXGroup section */
		6DC9D2BD1F20376700C34D08 = {
			isa = PBXGroup;
			children = (
				6DC9D2C81F20376700C34D08 /* SImonSays */,
				6DC9D2DD1F20376700C34D08 /* SImonSaysTests */,
				6DC9D2E81F20376700C34D08 /* SImonSaysUITests */,
				6DC9D2C71F20376700C34D08 /* Products */,
			);
			sourceTree = "<group>";
		};
		6DC9D2C71F20376700C34D08 /* Products */ = {
			isa = PBXGroup;
			children = (
				6DC9D2C61F20376700C34D08 /* SImonSays.app */,
				6DC9D2DA1F20376700C34D08 /* SImonSaysTests.xctest */,
				6DC9D2E51F20376700C34D08 /* SImonSaysUITests.xctest */,
			);
			name = Products;
			sourceTree = "<group>";
		};
		6DC9D2C81F20376700C34D08 /* SImonSays */ = {
			isa = PBXGroup;
			children = (
				6DC9D2C91F20376700C34D08 /* AppDelegate.swift */,
				6DC9D2CB1F20376700C34D08 /* ViewController.swift */,
				6DC9D2CD1F20376700C34D08 /* Main.storyboard */,
				6DC9D2D01F20376700C34D08 /* Assets.xcassets */,
				6DC9D2D21F20376700C34D08 /* LaunchScreen.storyboard */,
				6DC9D2D51F20376700C34D08 /* Info.plist */,
			);
			path = SImonSays;
			sourceTree = "<group>";
		};
		6DC9D2DD1F20376700C34D08 /* SImonSaysTests */ = {
			isa = PBXGroup;
			children = (
				6DC9D2DE1F20376700C34D08 /* SImonSaysTests.swift */,
				6DC9D2E01F20376700C34D08 /* Info.plist */,
			);
			path = SImonSaysTests;
			sourceTree = "<group>";
		};
		6DC9D2E81F20376700C34D08 /* SImonSaysUITests */ = {
			isa = PBXGroup;
			children = (
				6DC9D2E91F20376700C34D08 /* SImonSaysUITests.swift */,
				6DC9D2EB1F20376700C34D08 /* Info.plist */,
			);
			path = SImonSaysUITests;
			sourceTree = "<group>";
		};
/* End PBXGroup section */

/* Begin PBXNativeTarget section */
		6DC9D2C51F20376700C34D08 /* SImonSays */ = {
			isa = PBXNativeTarget;
			buildConfigurationList = 6DC9D2EE1F20376700C34D08 /* Build configuration list for PBXNativeTarget "SImonSays" */;
			buildPhases = (
				6DC9D2C21F20376700C34D08 /* Sources */,
				6DC9D2C31F20376700C34D08 /* Frameworks */,
				6DC9D2C41F20376700C34D08 /* Resources */,
			);
			buildRules = (
			);
			dependencies = (
			);
			name = SImonSays;
			productName = SImonSays;
			productReference = 6DC9D2C61F20376700C34D08 /* SImonSays.app */;
			productType = "com.apple.product-type.application";
		};
		6DC9D2D91F20376700C34D08 /* SImonSaysTests */ = {
			isa = PBXNativeTarget;
			buildConfigurationList = 6DC9D2F11F20376700C34D08 /* Build configuration list for PBXNativeTarget "SImonSaysTests" */;
			buildPhases = (
				6DC9D2D61F20376700C34D08 /* Sources */,
				6DC9D2D71F20376700C34D08 /* Frameworks */,
				6DC9D2D81F20376700C34D08 /* Resources */,
			);
			buildRules = (
			);
			dependencies = (
				6DC9D2DC1F20376700C34D08 /* PBXTargetDependency */,
			);
			name = SImonSaysTests;
			productName = SImonSaysTests;
			productReference = 6DC9D2DA1F20376700C34D08 /* SImonSaysTests.xctest */;
			productType = "com.apple.product-type.bundle.unit-test";
		};
		6DC9D2E41F20376700C34D08 /* SImonSaysUITests */ = {
			isa = PBXNativeTarget;
			buildConfigurationList = 6DC9D2F41F20376700C34D08 /* Build configuration list for PBXNativeTarget "SImonSaysUITests" */;
			buildPhases = (
				6DC9D2E11F20376700C34D08 /* Sources */,
				6DC9D2E21F20376700C34D08 /* Frameworks */,
				6DC9D2E31F20376700C34D08 /* Resources */,
			);
			buildRules = (
			);
			dependencies = (
				6DC9D2E71F20376700C34D08 /* PBXTargetDependency */,
			);
			name = SImonSaysUITests;
			productName = SImonSaysUITests;
			productReference = 6DC9D2E51F20376700C34D08 /* SImonSaysUITests.xctest */;
			productType = "com.apple.product-type.bundle.ui-testing";
		};
/* End PBXNativeTarget section */

/* Begin PBXProject section */
		6DC9D2BE1F20376700C34D08 /* Project object */ = {
			isa = PBXProject;
			attributes = {
				LastSwiftUpdateCheck = 0830;
				LastUpgradeCheck = 0830;
				ORGANIZATIONNAME = "Derik Binet";
				TargetAttributes = {
					6DC9D2C51F20376700C34D08 = {
						CreatedOnToolsVersion = 8.3.3;
						ProvisioningStyle = Automatic;
					};
					6DC9D2D91F20376700C34D08 = {
						CreatedOnToolsVersion = 8.3.3;
						ProvisioningStyle = Automatic;
						TestTargetID = 6DC9D2C51F20376700C34D08;
					};
					6DC9D2E41F20376700C34D08 = {
						CreatedOnToolsVersion = 8.3.3;
						ProvisioningStyle = Automatic;
						TestTargetID = 6DC9D2C51F20376700C34D08;
					};
				};
			};
			buildConfigurationList = 6DC9D2C11F20376700C34D08 /* Build configuration list for PBXProject "SImonSays" */;
			compatibilityVersion = "Xcode 3.2";
			developmentRegion = English;
			hasScannedForEncodings = 0;
			knownRegions = (
				en,
				Base,
			);
			mainGroup = 6DC9D2BD1F20376700C34D08;
			productRefGroup = 6DC9D2C71F20376700C34D08 /* Products */;
			projectDirPath = "";
			projectRoot = "";
			targets = (
				6DC9D2C51F20376700C34D08 /* SImonSays */,
				6DC9D2D91F20376700C34D08 /* SImonSaysTests */,
				6DC9D2E41F20376700C34D08 /* SImonSaysUITests */,
			);
		};
/* End PBXProject section */

/* Begin PBXResourcesBuildPhase section */
		6DC9D2C41F20376700C34D08 /* Resources */ = {
			isa = PBXResourcesBuildPhase;
			buildActionMask = 2147483647;
			files = (
				6DC9D2D41F20376700C34D08 /* LaunchScreen.storyboard in Resources */,
				6DC9D2D11F20376700C34D08 /* Assets.xcassets in Resources */,
				6DC9D2CF1F20376700C34D08 /* Main.storyboard in Resources */,
			);
			runOnlyForDeploymentPostprocessing = 0;
		};
		6DC9D2D81F20376700C34D08 /* Resources */ = {
			isa = PBXResourcesBuildPhase;
			buildActionMask = 2147483647;
			files = (
			);
			runOnlyForDeploymentPostprocessing = 0;
		};
		6DC9D2E31F20376700C34D08 /* Resources */ = {
			isa = PBXResourcesBuildPhase;
			buildActionMask = 2147483647;
			files = (
			);
			runOnlyForDeploymentPostprocessing = 0;
		};
/* End PBXResourcesBuildPhase section */

/* Begin PBXSourcesBuildPhase section */
		6DC9D2C21F20376700C34D08 /* Sources */ = {
			isa = PBXSourcesBuildPhase;
			buildActionMask = 2147483647;
			files = (
				6DC9D2CC1F20376700C34D08 /* ViewController.swift in Sources */,
				6DC9D2CA1F20376700C34D08 /* AppDelegate.swift in Sources */,
			);
			runOnlyForDeploymentPostprocessing = 0;
		};
		6DC9D2D61F20376700C34D08 /* Sources */ = {
			isa = PBXSourcesBuildPhase;
			buildActionMask = 2147483647;
			files = (
				6DC9D2DF1F20376700C34D08 /* SImonSaysTests.swift in Sources */,
			);
			runOnlyForDeploymentPostprocessing = 0;
		};
		6DC9D2E11F20376700C34D08 /* Sources */ = {
			isa = PBXSourcesBuildPhase;
			buildActionMask = 2147483647;
			files = (
				6DC9D2EA1F20376700C34D08 /* SImonSaysUITests.swift in Sources */,
			);
			runOnlyForDeploymentPostprocessing = 0;
		};
/* End PBXSourcesBuildPhase section */

/* Begin PBXTargetDependency section */
		6DC9D2DC1F20376700C34D08 /* PBXTargetDependency */ = {
			isa = PBXTargetDependency;
			target = 6DC9D2C51F20376700C34D08 /* SImonSays */;
			targetProxy = 6DC9D2DB1F20376700C34D08 /* PBXContainerItemProxy */;
		};
		6DC9D2E71F20376700C34D08 /* PBXTargetDependency */ = {
			isa = PBXTargetDependency;
			target = 6DC9D2C51F20376700C34D08 /* SImonSays */;
			targetProxy = 6DC9D2E61F20376700C34D08 /* PBXContainerItemProxy */;
		};
/* End PBXTargetDependency section */

/* Begin PBXVariantGroup section */
		6DC9D2CD1F20376700C34D08 /* Main.storyboard */ = {
			isa = PBXVariantGroup;
			children = (
				6DC9D2CE1F20376700C34D08 /* Base */,
			);
			name = Main.storyboard;
			sourceTree = "<group>";
		};
		6DC9D2D21F20376700C34D08 /* LaunchScreen.storyboard */ = {
			isa = PBXVariantGroup;
			children = (
				6DC9D2D31F20376700C34D08 /* Base */,
			);
			name = LaunchScreen.storyboard;
			sourceTree = "<group>";
		};
/* End PBXVariantGroup section */

/* Begin XCBuildConfiguration section */
		6DC9D2EC1F20376700C34D08 /* Debug */ = {
			isa = XCBuildConfiguration;
			buildSettings = {
				ALWAYS_SEARCH_USER_PATHS = NO;
				CLANG_ANALYZER_NONNULL = YES;
				CLANG_ANALYZER_NUMBER_OBJECT_CONVERSION = YES_AGGRESSIVE;
				CLANG_CXX_LANGUAGE_STANDARD = "gnu++0x";
				CLANG_CXX_LIBRARY = "libc++";
				CLANG_ENABLE_MODULES = YES;
				CLANG_ENABLE_OBJC_ARC = YES;
				CLANG_WARN_BOOL_CONVERSION = YES;
				CLANG_WARN_CONSTANT_CONVERSION = YES;
				CLANG_WARN_DIRECT_OBJC_ISA_USAGE = YES_ERROR;
				CLANG_WARN_DOCUMENTATION_COMMENTS = YES;
				CLANG_WARN_EMPTY_BODY = YES;
				CLANG_WARN_ENUM_CONVERSION = YES;
				CLANG_WARN_INFINITE_RECURSION = YES;
				CLANG_WARN_INT_CONVERSION = YES;
				CLANG_WARN_OBJC_ROOT_CLASS = YES_ERROR;
				CLANG_WARN_SUSPICIOUS_MOVE = YES;
				CLANG_WARN_UNREACHABLE_CODE = YES;
				CLANG_WARN__DUPLICATE_METHOD_MATCH = YES;
				"CODE_SIGN_IDENTITY[sdk=iphoneos*]" = "iPhone Developer";
				COPY_PHASE_STRIP = NO;
				DEBUG_INFORMATION_FORMAT = dwarf;
				ENABLE_STRICT_OBJC_MSGSEND = YES;
				ENABLE_TESTABILITY = YES;
				GCC_C_LANGUAGE_STANDARD = gnu99;
				GCC_DYNAMIC_NO_PIC = NO;
				GCC_NO_COMMON_BLOCKS = YES;
				GCC_OPTIMIZATION_LEVEL = 0;
				GCC_PREPROCESSOR_DEFINITIONS = (
					"DEBUG=1",
					"$(inherited)",
				);
				GCC_WARN_64_TO_32_BIT_CONVERSION = YES;
				GCC_WARN_ABOUT_RETURN_TYPE = YES_ERROR;
				GCC_WARN_UNDECLARED_SELECTOR = YES;
				GCC_WARN_UNINITIALIZED_AUTOS = YES_AGGRESSIVE;
				GCC_WARN_UNUSED_FUNCTION = YES;
				GCC_WARN_UNUSED_VARIABLE = YES;
				IPHONEOS_DEPLOYMENT_TARGET = 10.3;
				MTL_ENABLE_DEBUG_INFO = YES;
				ONLY_ACTIVE_ARCH = YES;
				SDKROOT = iphoneos;
				SWIFT_ACTIVE_COMPILATION_CONDITIONS = DEBUG;
				SWIFT_OPTIMIZATION_LEVEL = "-Onone";
				TARGETED_DEVICE_FAMILY = "1,2";
			};
			name = Debug;
		};
		6DC9D2ED1F20376700C34D08 /* Release */ = {
			isa = XCBuildConfiguration;
			buildSettings = {
				ALWAYS_SEARCH_USER_PATHS = NO;
				CLANG_ANALYZER_NONNULL = YES;
				CLANG_ANALYZER_NUMBER_OBJECT_CONVERSION = YES_AGGRESSIVE;
				CLANG_CXX_LANGUAGE_STANDARD = "gnu++0x";
				CLANG_CXX_LIBRARY = "libc++";
				CLANG_ENABLE_MODULES = YES;
				CLANG_ENABLE_OBJC_ARC = YES;
				CLANG_WARN_BOOL_CONVERSION = YES;
				CLANG_WARN_CONSTANT_CONVERSION = YES;
				CLANG_WARN_DIRECT_OBJC_ISA_USAGE = YES_ERROR;
				CLANG_WARN_DOCUMENTATION_COMMENTS = YES;
				CLANG_WARN_EMPTY_BODY = YES;
				CLANG_WARN_ENUM_CONVERSION = YES;
				CLANG_WARN_INFINITE_RECURSION = YES;
				CLANG_WARN_INT_CONVERSION = YES;
				CLANG_WARN_OBJC_ROOT_CLASS = YES_ERROR;
				CLANG_WARN_SUSPICIOUS_MOVE = YES;
				CLANG_WARN_UNREACHABLE_CODE = YES;
				CLANG_WARN__DUPLICATE_METHOD_MATCH = YES;
				"CODE_SIGN_IDENTITY[sdk=iphoneos*]" = "iPhone Developer";
				COPY_PHASE_STRIP = NO;
				DEBUG_INFORMATION_FORMAT = "dwarf-with-dsym";
				ENABLE_NS_ASSERTIONS = NO;
				ENABLE_STRICT_OBJC_MSGSEND = YES;
				GCC_C_LANGUAGE_STANDARD = gnu99;
				GCC_NO_COMMON_BLOCKS = YES;
				GCC_WARN_64_TO_32_BIT_CONVERSION = YES;
				GCC_WARN_ABOUT_RETURN_TYPE = YES_ERROR;
				GCC_WARN_UNDECLARED_SELECTOR = YES;
				GCC_WARN_UNINITIALIZED_AUTOS = YES_AGGRESSIVE;
				GCC_WARN_UNUSED_FUNCTION = YES;
				GCC_WARN_UNUSED_VARIABLE = YES;
				IPHONEOS_DEPLOYMENT_TARGET = 10.3;
				MTL_ENABLE_DEBUG_INFO = NO;
				SDKROOT = iphoneos;
				SWIFT_OPTIMIZATION_LEVEL = "-Owholemodule";
				TARGETED_DEVICE_FAMILY = "1,2";
				VALIDATE_PRODUCT = YES;
			};
			name = Release;
		};
		6DC9D2EF1F20376700C34D08 /* Debug */ = {
			isa = XCBuildConfiguration;
			buildSettings = {
				ASSETCATALOG_COMPILER_APPICON_NAME = AppIcon;
				INFOPLIST_FILE = SImonSays/Info.plist;
				LD_RUNPATH_SEARCH_PATHS = "$(inherited) @executable_path/Frameworks";
				PRODUCT_BUNDLE_IDENTIFIER = iBinet.SImonSays;
				PRODUCT_NAME = "$(TARGET_NAME)";
				SWIFT_VERSION = 3.0;
			};
			name = Debug;
		};
		6DC9D2F01F20376700C34D08 /* Release */ = {
			isa = XCBuildConfiguration;
			buildSettings = {
				ASSETCATALOG_COMPILER_APPICON_NAME = AppIcon;
				INFOPLIST_FILE = SImonSays/Info.plist;
				LD_RUNPATH_SEARCH_PATHS = "$(inherited) @executable_path/Frameworks";
				PRODUCT_BUNDLE_IDENTIFIER = iBinet.SImonSays;
				PRODUCT_NAME = "$(TARGET_NAME)";
				SWIFT_VERSION = 3.0;
			};
			name = Release;
		};
		6DC9D2F21F20376700C34D08 /* Debug */ = {
			isa = XCBuildConfiguration;
			buildSettings = {
				ALWAYS_EMBED_SWIFT_STANDARD_LIBRARIES = YES;
				BUNDLE_LOADER = "$(TEST_HOST)";
				INFOPLIST_FILE = SImonSaysTests/Info.plist;
				LD_RUNPATH_SEARCH_PATHS = "$(inherited) @executable_path/Frameworks @loader_path/Frameworks";
				PRODUCT_BUNDLE_IDENTIFIER = iBinet.SImonSaysTests;
				PRODUCT_NAME = "$(TARGET_NAME)";
				SWIFT_VERSION = 3.0;
				TEST_HOST = "$(BUILT_PRODUCTS_DIR)/SImonSays.app/SImonSays";
			};
			name = Debug;
		};
		6DC9D2F31F20376700C34D08 /* Release */ = {
			isa = XCBuildConfiguration;
			buildSettings = {
				ALWAYS_EMBED_SWIFT_STANDARD_LIBRARIES = YES;
				BUNDLE_LOADER = "$(TEST_HOST)";
				INFOPLIST_FILE = SImonSaysTests/Info.plist;
				LD_RUNPATH_SEARCH_PATHS = "$(inherited) @executable_path/Frameworks @loader_path/Frameworks";
				PRODUCT_BUNDLE_IDENTIFIER = iBinet.SImonSaysTests;
				PRODUCT_NAME = "$(TARGET_NAME)";
				SWIFT_VERSION = 3.0;
				TEST_HOST = "$(BUILT_PRODUCTS_DIR)/SImonSays.app/SImonSays";
			};
			name = Release;
		};
		6DC9D2F51F20376700C34D08 /* Debug */ = {
			isa = XCBuildConfiguration;
			buildSettings = {
				ALWAYS_EMBED_SWIFT_STANDARD_LIBRARIES = YES;
				INFOPLIST_FILE = SImonSaysUITests/Info.plist;
				LD_RUNPATH_SEARCH_PATHS = "$(inherited) @executable_path/Frameworks @loader_path/Frameworks";
				PRODUCT_BUNDLE_IDENTIFIER = iBinet.SImonSaysUITests;
				PRODUCT_NAME = "$(TARGET_NAME)";
				SWIFT_VERSION = 3.0;
				TEST_TARGET_NAME = SImonSays;
			};
			name = Debug;
		};
		6DC9D2F61F20376700C34D08 /* Release */ = {
			isa = XCBuildConfiguration;
			buildSettings = {
				ALWAYS_EMBED_SWIFT_STANDARD_LIBRARIES = YES;
				INFOPLIST_FILE = SImonSaysUITests/Info.plist;
				LD_RUNPATH_SEARCH_PATHS = "$(inherited) @executable_path/Frameworks @loader_path/Frameworks";
				PRODUCT_BUNDLE_IDENTIFIER = iBinet.SImonSaysUITests;
				PRODUCT_NAME = "$(TARGET_NAME)";
				SWIFT_VERSION = 3.0;
				TEST_TARGET_NAME = SImonSays;
			};
			name = Release;
		};
/* End XCBuildConfiguration section */

/* Begin XCConfigurationList section */
		6DC9D2C11F20376700C34D08 /* Build configuration list for PBXProject "SImonSays" */ = {
			isa = XCConfigurationList;
			buildConfigurations = (
				6DC9D2EC1F20376700C34D08 /* Debug */,
				6DC9D2ED1F20376700C34D08 /* Release */,
			);
			defaultConfigurationIsVisible = 0;
			defaultConfigurationName = Release;
		};
		6DC9D2EE1F20376700C34D08 /* Build configuration list for PBXNativeTarget "SImonSays" */ = {
			isa = XCConfigurationList;
			buildConfigurations = (
				6DC9D2EF1F20376700C34D08 /* Debug */,
				6DC9D2F01F20376700C34D08 /* Release */,
			);
			defaultConfigurationIsVisible = 0;
		};
		6DC9D2F11F20376700C34D08 /* Build configuration list for PBXNativeTarget "SImonSaysTests" */ = {
			isa = XCConfigurationList;
			buildConfigurations = (
				6DC9D2F21F20376700C34D08 /* Debug */,
				6DC9D2F31F20376700C34D08 /* Release */,
			);
			defaultConfigurationIsVisible = 0;
		};
		6DC9D2F41F20376700C34D08 /* Build configuration list for PBXNativeTarget "SImonSaysUITests" */ = {
			isa = XCConfigurationList;
			buildConfigurations = (
				6DC9D2F51F20376700C34D08 /* Debug */,
				6DC9D2F61F20376700C34D08 /* Release */,
			);
			defaultConfigurationIsVisible = 0;
		};
/* End XCConfigurationList section */
	};
	rootObject = 6DC9D2BE1F20376700C34D08 /* Project object */;
}
