// !$*UTF8*$!
{
	archiveVersion = 1;
	classes = {
	};
	objectVersion = 46;
	objects = {

/* Begin PBXBuildFile section */
		81AE2B671EFB64E500623BD4 /* AppDelegate.swift in Sources */ = {isa = PBXBuildFile; fileRef = 81AE2B661EFB64E500623BD4 /* AppDelegate.swift */; };
		81AE2B691EFB64E500623BD4 /* ViewController.swift in Sources */ = {isa = PBXBuildFile; fileRef = 81AE2B681EFB64E500623BD4 /* ViewController.swift */; };
		81AE2B6C1EFB64E500623BD4 /* Main.storyboard in Resources */ = {isa = PBXBuildFile; fileRef = 81AE2B6A1EFB64E500623BD4 /* Main.storyboard */; };
		81AE2B6E1EFB64E500623BD4 /* Assets.xcassets in Resources */ = {isa = PBXBuildFile; fileRef = 81AE2B6D1EFB64E500623BD4 /* Assets.xcassets */; };
		81AE2B711EFB64E500623BD4 /* LaunchScreen.storyboard in Resources */ = {isa = PBXBuildFile; fileRef = 81AE2B6F1EFB64E500623BD4 /* LaunchScreen.storyboard */; };
		81AE2B7C1EFB64E600623BD4 /* SymonSaysTests.swift in Sources */ = {isa = PBXBuildFile; fileRef = 81AE2B7B1EFB64E600623BD4 /* SymonSaysTests.swift */; };
		81AE2B871EFB64E600623BD4 /* SymonSaysUITests.swift in Sources */ = {isa = PBXBuildFile; fileRef = 81AE2B861EFB64E600623BD4 /* SymonSaysUITests.swift */; };
/* End PBXBuildFile section */

/* Begin PBXContainerItemProxy section */
		81AE2B781EFB64E600623BD4 /* PBXContainerItemProxy */ = {
			isa = PBXContainerItemProxy;
			containerPortal = 81AE2B5B1EFB64E500623BD4 /* Project object */;
			proxyType = 1;
			remoteGlobalIDString = 81AE2B621EFB64E500623BD4;
			remoteInfo = SymonSays;
		};
		81AE2B831EFB64E600623BD4 /* PBXContainerItemProxy */ = {
			isa = PBXContainerItemProxy;
			containerPortal = 81AE2B5B1EFB64E500623BD4 /* Project object */;
			proxyType = 1;
			remoteGlobalIDString = 81AE2B621EFB64E500623BD4;
			remoteInfo = SymonSays;
		};
/* End PBXContainerItemProxy section */

/* Begin PBXFileReference section */
		81AE2B631EFB64E500623BD4 /* SymonSays.app */ = {isa = PBXFileReference; explicitFileType = wrapper.application; includeInIndex = 0; path = SymonSays.app; sourceTree = BUILT_PRODUCTS_DIR; };
		81AE2B661EFB64E500623BD4 /* AppDelegate.swift */ = {isa = PBXFileReference; lastKnownFileType = sourcecode.swift; path = AppDelegate.swift; sourceTree = "<group>"; };
		81AE2B681EFB64E500623BD4 /* ViewController.swift */ = {isa = PBXFileReference; lastKnownFileType = sourcecode.swift; path = ViewController.swift; sourceTree = "<group>"; };
		81AE2B6B1EFB64E500623BD4 /* Base */ = {isa = PBXFileReference; lastKnownFileType = file.storyboard; name = Base; path = Base.lproj/Main.storyboard; sourceTree = "<group>"; };
		81AE2B6D1EFB64E500623BD4 /* Assets.xcassets */ = {isa = PBXFileReference; lastKnownFileType = folder.assetcatalog; path = Assets.xcassets; sourceTree = "<group>"; };
		81AE2B701EFB64E500623BD4 /* Base */ = {isa = PBXFileReference; lastKnownFileType = file.storyboard; name = Base; path = Base.lproj/LaunchScreen.storyboard; sourceTree = "<group>"; };
		81AE2B721EFB64E500623BD4 /* Info.plist */ = {isa = PBXFileReference; lastKnownFileType = text.plist.xml; path = Info.plist; sourceTree = "<group>"; };
		81AE2B771EFB64E600623BD4 /* SymonSaysTests.xctest */ = {isa = PBXFileReference; explicitFileType = wrapper.cfbundle; includeInIndex = 0; path = SymonSaysTests.xctest; sourceTree = BUILT_PRODUCTS_DIR; };
		81AE2B7B1EFB64E600623BD4 /* SymonSaysTests.swift */ = {isa = PBXFileReference; lastKnownFileType = sourcecode.swift; path = SymonSaysTests.swift; sourceTree = "<group>"; };
		81AE2B7D1EFB64E600623BD4 /* Info.plist */ = {isa = PBXFileReference; lastKnownFileType = text.plist.xml; path = Info.plist; sourceTree = "<group>"; };
		81AE2B821EFB64E600623BD4 /* SymonSaysUITests.xctest */ = {isa = PBXFileReference; explicitFileType = wrapper.cfbundle; includeInIndex = 0; path = SymonSaysUITests.xctest; sourceTree = BUILT_PRODUCTS_DIR; };
		81AE2B861EFB64E600623BD4 /* SymonSaysUITests.swift */ = {isa = PBXFileReference; lastKnownFileType = sourcecode.swift; path = SymonSaysUITests.swift; sourceTree = "<group>"; };
		81AE2B881EFB64E600623BD4 /* Info.plist */ = {isa = PBXFileReference; lastKnownFileType = text.plist.xml; path = Info.plist; sourceTree = "<group>"; };
/* End PBXFileReference section */

/* Begin PBXFrameworksBuildPhase section */
		81AE2B601EFB64E500623BD4 /* Frameworks */ = {
			isa = PBXFrameworksBuildPhase;
			buildActionMask = 2147483647;
			files = (
			);
			runOnlyForDeploymentPostprocessing = 0;
		};
		81AE2B741EFB64E600623BD4 /* Frameworks */ = {
			isa = PBXFrameworksBuildPhase;
			buildActionMask = 2147483647;
			files = (
			);
			runOnlyForDeploymentPostprocessing = 0;
		};
		81AE2B7F1EFB64E600623BD4 /* Frameworks */ = {
			isa = PBXFrameworksBuildPhase;
			buildActionMask = 2147483647;
			files = (
			);
			runOnlyForDeploymentPostprocessing = 0;
		};
/* End PBXFrameworksBuildPhase section */

/* Begin PBXGroup section */
		81AE2B5A1EFB64E500623BD4 = {
			isa = PBXGroup;
			children = (
				81AE2B651EFB64E500623BD4 /* SymonSays */,
				81AE2B7A1EFB64E600623BD4 /* SymonSaysTests */,
				81AE2B851EFB64E600623BD4 /* SymonSaysUITests */,
				81AE2B641EFB64E500623BD4 /* Products */,
			);
			sourceTree = "<group>";
		};
		81AE2B641EFB64E500623BD4 /* Products */ = {
			isa = PBXGroup;
			children = (
				81AE2B631EFB64E500623BD4 /* SymonSays.app */,
				81AE2B771EFB64E600623BD4 /* SymonSaysTests.xctest */,
				81AE2B821EFB64E600623BD4 /* SymonSaysUITests.xctest */,
			);
			name = Products;
			sourceTree = "<group>";
		};
		81AE2B651EFB64E500623BD4 /* SymonSays */ = {
			isa = PBXGroup;
			children = (
				81AE2B661EFB64E500623BD4 /* AppDelegate.swift */,
				81AE2B681EFB64E500623BD4 /* ViewController.swift */,
				81AE2B6A1EFB64E500623BD4 /* Main.storyboard */,
				81AE2B6D1EFB64E500623BD4 /* Assets.xcassets */,
				81AE2B6F1EFB64E500623BD4 /* LaunchScreen.storyboard */,
				81AE2B721EFB64E500623BD4 /* Info.plist */,
			);
			path = SymonSays;
			sourceTree = "<group>";
		};
		81AE2B7A1EFB64E600623BD4 /* SymonSaysTests */ = {
			isa = PBXGroup;
			children = (
				81AE2B7B1EFB64E600623BD4 /* SymonSaysTests.swift */,
				81AE2B7D1EFB64E600623BD4 /* Info.plist */,
			);
			path = SymonSaysTests;
			sourceTree = "<group>";
		};
		81AE2B851EFB64E600623BD4 /* SymonSaysUITests */ = {
			isa = PBXGroup;
			children = (
				81AE2B861EFB64E600623BD4 /* SymonSaysUITests.swift */,
				81AE2B881EFB64E600623BD4 /* Info.plist */,
			);
			path = SymonSaysUITests;
			sourceTree = "<group>";
		};
/* End PBXGroup section */

/* Begin PBXNativeTarget section */
		81AE2B621EFB64E500623BD4 /* SymonSays */ = {
			isa = PBXNativeTarget;
			buildConfigurationList = 81AE2B8B1EFB64E600623BD4 /* Build configuration list for PBXNativeTarget "SymonSays" */;
			buildPhases = (
				81AE2B5F1EFB64E500623BD4 /* Sources */,
				81AE2B601EFB64E500623BD4 /* Frameworks */,
				81AE2B611EFB64E500623BD4 /* Resources */,
			);
			buildRules = (
			);
			dependencies = (
			);
			name = SymonSays;
			productName = SymonSays;
			productReference = 81AE2B631EFB64E500623BD4 /* SymonSays.app */;
			productType = "com.apple.product-type.application";
		};
		81AE2B761EFB64E600623BD4 /* SymonSaysTests */ = {
			isa = PBXNativeTarget;
			buildConfigurationList = 81AE2B8E1EFB64E600623BD4 /* Build configuration list for PBXNativeTarget "SymonSaysTests" */;
			buildPhases = (
				81AE2B731EFB64E600623BD4 /* Sources */,
				81AE2B741EFB64E600623BD4 /* Frameworks */,
				81AE2B751EFB64E600623BD4 /* Resources */,
			);
			buildRules = (
			);
			dependencies = (
				81AE2B791EFB64E600623BD4 /* PBXTargetDependency */,
			);
			name = SymonSaysTests;
			productName = SymonSaysTests;
			productReference = 81AE2B771EFB64E600623BD4 /* SymonSaysTests.xctest */;
			productType = "com.apple.product-type.bundle.unit-test";
		};
		81AE2B811EFB64E600623BD4 /* SymonSaysUITests */ = {
			isa = PBXNativeTarget;
			buildConfigurationList = 81AE2B911EFB64E600623BD4 /* Build configuration list for PBXNativeTarget "SymonSaysUITests" */;
			buildPhases = (
				81AE2B7E1EFB64E600623BD4 /* Sources */,
				81AE2B7F1EFB64E600623BD4 /* Frameworks */,
				81AE2B801EFB64E600623BD4 /* Resources */,
			);
			buildRules = (
			);
			dependencies = (
				81AE2B841EFB64E600623BD4 /* PBXTargetDependency */,
			);
			name = SymonSaysUITests;
			productName = SymonSaysUITests;
			productReference = 81AE2B821EFB64E600623BD4 /* SymonSaysUITests.xctest */;
			productType = "com.apple.product-type.bundle.ui-testing";
		};
/* End PBXNativeTarget section */

/* Begin PBXProject section */
		81AE2B5B1EFB64E500623BD4 /* Project object */ = {
			isa = PBXProject;
			attributes = {
				LastSwiftUpdateCheck = 0820;
				LastUpgradeCheck = 0820;
				ORGANIZATIONNAME = iOS;
				TargetAttributes = {
					81AE2B621EFB64E500623BD4 = {
						CreatedOnToolsVersion = 8.2.1;
						ProvisioningStyle = Automatic;
					};
					81AE2B761EFB64E600623BD4 = {
						CreatedOnToolsVersion = 8.2.1;
						ProvisioningStyle = Automatic;
						TestTargetID = 81AE2B621EFB64E500623BD4;
					};
					81AE2B811EFB64E600623BD4 = {
						CreatedOnToolsVersion = 8.2.1;
						ProvisioningStyle = Automatic;
						TestTargetID = 81AE2B621EFB64E500623BD4;
					};
				};
			};
			buildConfigurationList = 81AE2B5E1EFB64E500623BD4 /* Build configuration list for PBXProject "SymonSays" */;
			compatibilityVersion = "Xcode 3.2";
			developmentRegion = English;
			hasScannedForEncodings = 0;
			knownRegions = (
				en,
				Base,
			);
			mainGroup = 81AE2B5A1EFB64E500623BD4;
			productRefGroup = 81AE2B641EFB64E500623BD4 /* Products */;
			projectDirPath = "";
			projectRoot = "";
			targets = (
				81AE2B621EFB64E500623BD4 /* SymonSays */,
				81AE2B761EFB64E600623BD4 /* SymonSaysTests */,
				81AE2B811EFB64E600623BD4 /* SymonSaysUITests */,
			);
		};
/* End PBXProject section */

/* Begin PBXResourcesBuildPhase section */
		81AE2B611EFB64E500623BD4 /* Resources */ = {
			isa = PBXResourcesBuildPhase;
			buildActionMask = 2147483647;
			files = (
				81AE2B711EFB64E500623BD4 /* LaunchScreen.storyboard in Resources */,
				81AE2B6E1EFB64E500623BD4 /* Assets.xcassets in Resources */,
				81AE2B6C1EFB64E500623BD4 /* Main.storyboard in Resources */,
			);
			runOnlyForDeploymentPostprocessing = 0;
		};
		81AE2B751EFB64E600623BD4 /* Resources */ = {
			isa = PBXResourcesBuildPhase;
			buildActionMask = 2147483647;
			files = (
			);
			runOnlyForDeploymentPostprocessing = 0;
		};
		81AE2B801EFB64E600623BD4 /* Resources */ = {
			isa = PBXResourcesBuildPhase;
			buildActionMask = 2147483647;
			files = (
			);
			runOnlyForDeploymentPostprocessing = 0;
		};
/* End PBXResourcesBuildPhase section */

/* Begin PBXSourcesBuildPhase section */
		81AE2B5F1EFB64E500623BD4 /* Sources */ = {
			isa = PBXSourcesBuildPhase;
			buildActionMask = 2147483647;
			files = (
				81AE2B691EFB64E500623BD4 /* ViewController.swift in Sources */,
				81AE2B671EFB64E500623BD4 /* AppDelegate.swift in Sources */,
			);
			runOnlyForDeploymentPostprocessing = 0;
		};
		81AE2B731EFB64E600623BD4 /* Sources */ = {
			isa = PBXSourcesBuildPhase;
			buildActionMask = 2147483647;
			files = (
				81AE2B7C1EFB64E600623BD4 /* SymonSaysTests.swift in Sources */,
			);
			runOnlyForDeploymentPostprocessing = 0;
		};
		81AE2B7E1EFB64E600623BD4 /* Sources */ = {
			isa = PBXSourcesBuildPhase;
			buildActionMask = 2147483647;
			files = (
				81AE2B871EFB64E600623BD4 /* SymonSaysUITests.swift in Sources */,
			);
			runOnlyForDeploymentPostprocessing = 0;
		};
/* End PBXSourcesBuildPhase section */

/* Begin PBXTargetDependency section */
		81AE2B791EFB64E600623BD4 /* PBXTargetDependency */ = {
			isa = PBXTargetDependency;
			target = 81AE2B621EFB64E500623BD4 /* SymonSays */;
			targetProxy = 81AE2B781EFB64E600623BD4 /* PBXContainerItemProxy */;
		};
		81AE2B841EFB64E600623BD4 /* PBXTargetDependency */ = {
			isa = PBXTargetDependency;
			target = 81AE2B621EFB64E500623BD4 /* SymonSays */;
			targetProxy = 81AE2B831EFB64E600623BD4 /* PBXContainerItemProxy */;
		};
/* End PBXTargetDependency section */

/* Begin PBXVariantGroup section */
		81AE2B6A1EFB64E500623BD4 /* Main.storyboard */ = {
			isa = PBXVariantGroup;
			children = (
				81AE2B6B1EFB64E500623BD4 /* Base */,
			);
			name = Main.storyboard;
			sourceTree = "<group>";
		};
		81AE2B6F1EFB64E500623BD4 /* LaunchScreen.storyboard */ = {
			isa = PBXVariantGroup;
			children = (
				81AE2B701EFB64E500623BD4 /* Base */,
			);
			name = LaunchScreen.storyboard;
			sourceTree = "<group>";
		};
/* End PBXVariantGroup section */

/* Begin XCBuildConfiguration section */
		81AE2B891EFB64E600623BD4 /* Debug */ = {
			isa = XCBuildConfiguration;
			buildSettings = {
				ALWAYS_SEARCH_USER_PATHS = NO;
				CLANG_ANALYZER_NONNULL = YES;
				CLANG_CXX_LANGUAGE_STANDARD = "gnu++0x";
				CLANG_CXX_LIBRARY = "libc++";
				CLANG_ENABLE_MODULES = YES;
				CLANG_ENABLE_OBJC_ARC = YES;
				CLANG_WARN_BOOL_CONVERSION = YES;
				CLANG_WARN_CONSTANT_CONVERSION = YES;
				CLANG_WARN_DIRECT_OBJC_ISA_USAGE = YES_ERROR;
				CLANG_WARN_DOCUMENTATION_COMMENTS = YES;
				CLANG_WARN_EMPTY_BODY = YES;
				CLANG_WARN_ENUM_CONVERSION = YES;
				CLANG_WARN_INFINITE_RECURSION = YES;
				CLANG_WARN_INT_CONVERSION = YES;
				CLANG_WARN_OBJC_ROOT_CLASS = YES_ERROR;
				CLANG_WARN_SUSPICIOUS_MOVE = YES;
				CLANG_WARN_UNREACHABLE_CODE = YES;
				CLANG_WARN__DUPLICATE_METHOD_MATCH = YES;
				"CODE_SIGN_IDENTITY[sdk=iphoneos*]" = "iPhone Developer";
				COPY_PHASE_STRIP = NO;
				DEBUG_INFORMATION_FORMAT = dwarf;
				ENABLE_STRICT_OBJC_MSGSEND = YES;
				ENABLE_TESTABILITY = YES;
				GCC_C_LANGUAGE_STANDARD = gnu99;
				GCC_DYNAMIC_NO_PIC = NO;
				GCC_NO_COMMON_BLOCKS = YES;
				GCC_OPTIMIZATION_LEVEL = 0;
				GCC_PREPROCESSOR_DEFINITIONS = (
					"DEBUG=1",
					"$(inherited)",
				);
				GCC_WARN_64_TO_32_BIT_CONVERSION = YES;
				GCC_WARN_ABOUT_RETURN_TYPE = YES_ERROR;
				GCC_WARN_UNDECLARED_SELECTOR = YES;
				GCC_WARN_UNINITIALIZED_AUTOS = YES_AGGRESSIVE;
				GCC_WARN_UNUSED_FUNCTION = YES;
				GCC_WARN_UNUSED_VARIABLE = YES;
				IPHONEOS_DEPLOYMENT_TARGET = 10.2;
				MTL_ENABLE_DEBUG_INFO = YES;
				ONLY_ACTIVE_ARCH = YES;
				SDKROOT = iphoneos;
				SWIFT_ACTIVE_COMPILATION_CONDITIONS = DEBUG;
				SWIFT_OPTIMIZATION_LEVEL = "-Onone";
				TARGETED_DEVICE_FAMILY = "1,2";
			};
			name = Debug;
		};
		81AE2B8A1EFB64E600623BD4 /* Release */ = {
			isa = XCBuildConfiguration;
			buildSettings = {
				ALWAYS_SEARCH_USER_PATHS = NO;
				CLANG_ANALYZER_NONNULL = YES;
				CLANG_CXX_LANGUAGE_STANDARD = "gnu++0x";
				CLANG_CXX_LIBRARY = "libc++";
				CLANG_ENABLE_MODULES = YES;
				CLANG_ENABLE_OBJC_ARC = YES;
				CLANG_WARN_BOOL_CONVERSION = YES;
				CLANG_WARN_CONSTANT_CONVERSION = YES;
				CLANG_WARN_DIRECT_OBJC_ISA_USAGE = YES_ERROR;
				CLANG_WARN_DOCUMENTATION_COMMENTS = YES;
				CLANG_WARN_EMPTY_BODY = YES;
				CLANG_WARN_ENUM_CONVERSION = YES;
				CLANG_WARN_INFINITE_RECURSION = YES;
				CLANG_WARN_INT_CONVERSION = YES;
				CLANG_WARN_OBJC_ROOT_CLASS = YES_ERROR;
				CLANG_WARN_SUSPICIOUS_MOVE = YES;
				CLANG_WARN_UNREACHABLE_CODE = YES;
				CLANG_WARN__DUPLICATE_METHOD_MATCH = YES;
				"CODE_SIGN_IDENTITY[sdk=iphoneos*]" = "iPhone Developer";
				COPY_PHASE_STRIP = NO;
				DEBUG_INFORMATION_FORMAT = "dwarf-with-dsym";
				ENABLE_NS_ASSERTIONS = NO;
				ENABLE_STRICT_OBJC_MSGSEND = YES;
				GCC_C_LANGUAGE_STANDARD = gnu99;
				GCC_NO_COMMON_BLOCKS = YES;
				GCC_WARN_64_TO_32_BIT_CONVERSION = YES;
				GCC_WARN_ABOUT_RETURN_TYPE = YES_ERROR;
				GCC_WARN_UNDECLARED_SELECTOR = YES;
				GCC_WARN_UNINITIALIZED_AUTOS = YES_AGGRESSIVE;
				GCC_WARN_UNUSED_FUNCTION = YES;
				GCC_WARN_UNUSED_VARIABLE = YES;
				IPHONEOS_DEPLOYMENT_TARGET = 10.2;
				MTL_ENABLE_DEBUG_INFO = NO;
				SDKROOT = iphoneos;
				SWIFT_OPTIMIZATION_LEVEL = "-Owholemodule";
				TARGETED_DEVICE_FAMILY = "1,2";
				VALIDATE_PRODUCT = YES;
			};
			name = Release;
		};
		81AE2B8C1EFB64E600623BD4 /* Debug */ = {
			isa = XCBuildConfiguration;
			buildSettings = {
				ASSETCATALOG_COMPILER_APPICON_NAME = AppIcon;
				INFOPLIST_FILE = SymonSays/Info.plist;
				LD_RUNPATH_SEARCH_PATHS = "$(inherited) @executable_path/Frameworks";
				PRODUCT_BUNDLE_IDENTIFIER = com.SymonSays;
				PRODUCT_NAME = "$(TARGET_NAME)";
				SWIFT_VERSION = 3.0;
			};
			name = Debug;
		};
		81AE2B8D1EFB64E600623BD4 /* Release */ = {
			isa = XCBuildConfiguration;
			buildSettings = {
				ASSETCATALOG_COMPILER_APPICON_NAME = AppIcon;
				INFOPLIST_FILE = SymonSays/Info.plist;
				LD_RUNPATH_SEARCH_PATHS = "$(inherited) @executable_path/Frameworks";
				PRODUCT_BUNDLE_IDENTIFIER = com.SymonSays;
				PRODUCT_NAME = "$(TARGET_NAME)";
				SWIFT_VERSION = 3.0;
			};
			name = Release;
		};
		81AE2B8F1EFB64E600623BD4 /* Debug */ = {
			isa = XCBuildConfiguration;
			buildSettings = {
				ALWAYS_EMBED_SWIFT_STANDARD_LIBRARIES = YES;
				BUNDLE_LOADER = "$(TEST_HOST)";
				INFOPLIST_FILE = SymonSaysTests/Info.plist;
				LD_RUNPATH_SEARCH_PATHS = "$(inherited) @executable_path/Frameworks @loader_path/Frameworks";
				PRODUCT_BUNDLE_IDENTIFIER = com.SymonSaysTests;
				PRODUCT_NAME = "$(TARGET_NAME)";
				SWIFT_VERSION = 3.0;
				TEST_HOST = "$(BUILT_PRODUCTS_DIR)/SymonSays.app/SymonSays";
			};
			name = Debug;
		};
		81AE2B901EFB64E600623BD4 /* Release */ = {
			isa = XCBuildConfiguration;
			buildSettings = {
				ALWAYS_EMBED_SWIFT_STANDARD_LIBRARIES = YES;
				BUNDLE_LOADER = "$(TEST_HOST)";
				INFOPLIST_FILE = SymonSaysTests/Info.plist;
				LD_RUNPATH_SEARCH_PATHS = "$(inherited) @executable_path/Frameworks @loader_path/Frameworks";
				PRODUCT_BUNDLE_IDENTIFIER = com.SymonSaysTests;
				PRODUCT_NAME = "$(TARGET_NAME)";
				SWIFT_VERSION = 3.0;
				TEST_HOST = "$(BUILT_PRODUCTS_DIR)/SymonSays.app/SymonSays";
			};
			name = Release;
		};
		81AE2B921EFB64E600623BD4 /* Debug */ = {
			isa = XCBuildConfiguration;
			buildSettings = {
				ALWAYS_EMBED_SWIFT_STANDARD_LIBRARIES = YES;
				INFOPLIST_FILE = SymonSaysUITests/Info.plist;
				LD_RUNPATH_SEARCH_PATHS = "$(inherited) @executable_path/Frameworks @loader_path/Frameworks";
				PRODUCT_BUNDLE_IDENTIFIER = com.SymonSaysUITests;
				PRODUCT_NAME = "$(TARGET_NAME)";
				SWIFT_VERSION = 3.0;
				TEST_TARGET_NAME = SymonSays;
			};
			name = Debug;
		};
		81AE2B931EFB64E600623BD4 /* Release */ = {
			isa = XCBuildConfiguration;
			buildSettings = {
				ALWAYS_EMBED_SWIFT_STANDARD_LIBRARIES = YES;
				INFOPLIST_FILE = SymonSaysUITests/Info.plist;
				LD_RUNPATH_SEARCH_PATHS = "$(inherited) @executable_path/Frameworks @loader_path/Frameworks";
				PRODUCT_BUNDLE_IDENTIFIER = com.SymonSaysUITests;
				PRODUCT_NAME = "$(TARGET_NAME)";
				SWIFT_VERSION = 3.0;
				TEST_TARGET_NAME = SymonSays;
			};
			name = Release;
		};
/* End XCBuildConfiguration section */

/* Begin XCConfigurationList section */
		81AE2B5E1EFB64E500623BD4 /* Build configuration list for PBXProject "SymonSays" */ = {
			isa = XCConfigurationList;
			buildConfigurations = (
				81AE2B891EFB64E600623BD4 /* Debug */,
				81AE2B8A1EFB64E600623BD4 /* Release */,
			);
			defaultConfigurationIsVisible = 0;
			defaultConfigurationName = Release;
		};
		81AE2B8B1EFB64E600623BD4 /* Build configuration list for PBXNativeTarget "SymonSays" */ = {
			isa = XCConfigurationList;
			buildConfigurations = (
				81AE2B8C1EFB64E600623BD4 /* Debug */,
				81AE2B8D1EFB64E600623BD4 /* Release */,
			);
			defaultConfigurationIsVisible = 0;
		};
		81AE2B8E1EFB64E600623BD4 /* Build configuration list for PBXNativeTarget "SymonSaysTests" */ = {
			isa = XCConfigurationList;
			buildConfigurations = (
				81AE2B8F1EFB64E600623BD4 /* Debug */,
				81AE2B901EFB64E600623BD4 /* Release */,
			);
			defaultConfigurationIsVisible = 0;
		};
		81AE2B911EFB64E600623BD4 /* Build configuration list for PBXNativeTarget "SymonSaysUITests" */ = {
			isa = XCConfigurationList;
			buildConfigurations = (
				81AE2B921EFB64E600623BD4 /* Debug */,
				81AE2B931EFB64E600623BD4 /* Release */,
			);
			defaultConfigurationIsVisible = 0;
		};
/* End XCConfigurationList section */
	};
	rootObject = 81AE2B5B1EFB64E500623BD4 /* Project object */;
}
